// !$*UTF8*$!
{
	archiveVersion = 1;
	classes = {
	};
	objectVersion = 55;
	objects = {

/* Begin PBXBuildFile section */
		617C27C5284495BD007785C9 /* stations.json in Resources */ = {isa = PBXBuildFile; fileRef = 617C27C4284495BD007785C9 /* stations.json */; };
		617C27C7284496DF007785C9 /* Station.swift in Sources */ = {isa = PBXBuildFile; fileRef = 617C27C6284496DF007785C9 /* Station.swift */; };
		617C27C9284499ED007785C9 /* StationFilter.swift in Sources */ = {isa = PBXBuildFile; fileRef = 617C27C8284499ED007785C9 /* StationFilter.swift */; };
		617C27CB2844C3AF007785C9 /* UrlGenerator.swift in Sources */ = {isa = PBXBuildFile; fileRef = 617C27CA2844C3AF007785C9 /* UrlGenerator.swift */; };
		61D9CCD1283CEDFB007835D2 /* iFilterCitiesApp.swift in Sources */ = {isa = PBXBuildFile; fileRef = 61D9CCD0283CEDFB007835D2 /* iFilterCitiesApp.swift */; };
		61D9CCD3283CEDFB007835D2 /* MainView.swift in Sources */ = {isa = PBXBuildFile; fileRef = 61D9CCD2283CEDFB007835D2 /* MainView.swift */; };
		61D9CCD5283CEDFD007835D2 /* Assets.xcassets in Resources */ = {isa = PBXBuildFile; fileRef = 61D9CCD4283CEDFD007835D2 /* Assets.xcassets */; };
		61D9CCD8283CEDFD007835D2 /* Preview Assets.xcassets in Resources */ = {isa = PBXBuildFile; fileRef = 61D9CCD7283CEDFD007835D2 /* Preview Assets.xcassets */; };
		61D9CCDF283CEFB5007835D2 /* cities.json in Resources */ = {isa = PBXBuildFile; fileRef = 61D9CCDE283CEFB5007835D2 /* cities.json */; };
		61D9CCE1283CEFD9007835D2 /* City.swift in Sources */ = {isa = PBXBuildFile; fileRef = 61D9CCE0283CEFD9007835D2 /* City.swift */; };
		61D9CCE3283CF108007835D2 /* Bundle-Codable.swift in Sources */ = {isa = PBXBuildFile; fileRef = 61D9CCE2283CF108007835D2 /* Bundle-Codable.swift */; };
		61D9CCE8283CF30C007835D2 /* CityFilter.swift in Sources */ = {isa = PBXBuildFile; fileRef = 61D9CCE7283CF30C007835D2 /* CityFilter.swift */; };
		61D9CCEA283CFCAF007835D2 /* getDocumentDirectory.swift in Sources */ = {isa = PBXBuildFile; fileRef = 61D9CCE9283CFCAF007835D2 /* getDocumentDirectory.swift */; };
		61D9CCED283DB874007835D2 /* DocumentInteractionController.swift in Sources */ = {isa = PBXBuildFile; fileRef = 61D9CCEC283DB874007835D2 /* DocumentInteractionController.swift */; };
		61D9CD0C283E22EF007835D2 /* MapView.swift in Sources */ = {isa = PBXBuildFile; fileRef = 61D9CD0B283E22EF007835D2 /* MapView.swift */; };
		61D9CD0E283E2352007835D2 /* Location.swift in Sources */ = {isa = PBXBuildFile; fileRef = 61D9CD0D283E2352007835D2 /* Location.swift */; };
		61D9CD10283E2676007835D2 /* CityLocation.swift in Sources */ = {isa = PBXBuildFile; fileRef = 61D9CD0F283E2676007835D2 /* CityLocation.swift */; };
		61D9CD14283F5F95007835D2 /* capitals.json in Resources */ = {isa = PBXBuildFile; fileRef = 61D9CD13283F5F95007835D2 /* capitals.json */; };
		61D9CD16283F6D86007835D2 /* ListView.swift in Sources */ = {isa = PBXBuildFile; fileRef = 61D9CD15283F6D86007835D2 /* ListView.swift */; };
/* End PBXBuildFile section */

/* Begin PBXFileReference section */
		617C27C4284495BD007785C9 /* stations.json */ = {isa = PBXFileReference; fileEncoding = 4; lastKnownFileType = text.json; path = stations.json; sourceTree = SOURCE_ROOT; };
		617C27C6284496DF007785C9 /* Station.swift */ = {isa = PBXFileReference; lastKnownFileType = sourcecode.swift; path = Station.swift; sourceTree = "<group>"; };
		617C27C8284499ED007785C9 /* StationFilter.swift */ = {isa = PBXFileReference; lastKnownFileType = sourcecode.swift; path = StationFilter.swift; sourceTree = "<group>"; };
		617C27CA2844C3AF007785C9 /* UrlGenerator.swift */ = {isa = PBXFileReference; lastKnownFileType = sourcecode.swift; path = UrlGenerator.swift; sourceTree = "<group>"; };
		61D9CCCD283CEDFB007835D2 /* iFilterCities.app */ = {isa = PBXFileReference; explicitFileType = wrapper.application; includeInIndex = 0; path = iFilterCities.app; sourceTree = BUILT_PRODUCTS_DIR; };
		61D9CCD0283CEDFB007835D2 /* iFilterCitiesApp.swift */ = {isa = PBXFileReference; lastKnownFileType = sourcecode.swift; path = iFilterCitiesApp.swift; sourceTree = "<group>"; };
		61D9CCD2283CEDFB007835D2 /* MainView.swift */ = {isa = PBXFileReference; lastKnownFileType = sourcecode.swift; path = MainView.swift; sourceTree = "<group>"; };
		61D9CCD4283CEDFD007835D2 /* Assets.xcassets */ = {isa = PBXFileReference; lastKnownFileType = folder.assetcatalog; path = Assets.xcassets; sourceTree = "<group>"; };
		61D9CCD7283CEDFD007835D2 /* Preview Assets.xcassets */ = {isa = PBXFileReference; lastKnownFileType = folder.assetcatalog; path = "Preview Assets.xcassets"; sourceTree = "<group>"; };
		61D9CCDE283CEFB5007835D2 /* cities.json */ = {isa = PBXFileReference; fileEncoding = 4; lastKnownFileType = text.json; path = cities.json; sourceTree = "<group>"; };
		61D9CCE0283CEFD9007835D2 /* City.swift */ = {isa = PBXFileReference; lastKnownFileType = sourcecode.swift; path = City.swift; sourceTree = "<group>"; };
		61D9CCE2283CF108007835D2 /* Bundle-Codable.swift */ = {isa = PBXFileReference; lastKnownFileType = sourcecode.swift; path = "Bundle-Codable.swift"; sourceTree = "<group>"; };
		61D9CCE7283CF30C007835D2 /* CityFilter.swift */ = {isa = PBXFileReference; lastKnownFileType = sourcecode.swift; path = CityFilter.swift; sourceTree = "<group>"; };
		61D9CCE9283CFCAF007835D2 /* getDocumentDirectory.swift */ = {isa = PBXFileReference; lastKnownFileType = sourcecode.swift; path = getDocumentDirectory.swift; sourceTree = "<group>"; };
		61D9CCEC283DB874007835D2 /* DocumentInteractionController.swift */ = {isa = PBXFileReference; lastKnownFileType = sourcecode.swift; path = DocumentInteractionController.swift; sourceTree = "<group>"; };
		61D9CD0B283E22EF007835D2 /* MapView.swift */ = {isa = PBXFileReference; lastKnownFileType = sourcecode.swift; path = MapView.swift; sourceTree = "<group>"; };
		61D9CD0D283E2352007835D2 /* Location.swift */ = {isa = PBXFileReference; lastKnownFileType = sourcecode.swift; path = Location.swift; sourceTree = "<group>"; };
		61D9CD0F283E2676007835D2 /* CityLocation.swift */ = {isa = PBXFileReference; lastKnownFileType = sourcecode.swift; path = CityLocation.swift; sourceTree = "<group>"; };
		61D9CD13283F5F95007835D2 /* capitals.json */ = {isa = PBXFileReference; fileEncoding = 4; lastKnownFileType = text.json; path = capitals.json; sourceTree = SOURCE_ROOT; };
		61D9CD15283F6D86007835D2 /* ListView.swift */ = {isa = PBXFileReference; lastKnownFileType = sourcecode.swift; path = ListView.swift; sourceTree = "<group>"; };
/* End PBXFileReference section */

/* Begin PBXFrameworksBuildPhase section */
		61D9CCCA283CEDFB007835D2 /* Frameworks */ = {
			isa = PBXFrameworksBuildPhase;
			buildActionMask = 2147483647;
			files = (
			);
			runOnlyForDeploymentPostprocessing = 0;
		};
/* End PBXFrameworksBuildPhase section */

/* Begin PBXGroup section */
		61D9CCC4283CEDFB007835D2 = {
			isa = PBXGroup;
			children = (
				61D9CCCF283CEDFB007835D2 /* iFilterCities */,
				61D9CCCE283CEDFB007835D2 /* Products */,
			);
			sourceTree = "<group>";
		};
		61D9CCCE283CEDFB007835D2 /* Products */ = {
			isa = PBXGroup;
			children = (
				61D9CCCD283CEDFB007835D2 /* iFilterCities.app */,
			);
			name = Products;
			sourceTree = "<group>";
		};
		61D9CCCF283CEDFB007835D2 /* iFilterCities */ = {
			isa = PBXGroup;
			children = (
				61D9CCD0283CEDFB007835D2 /* iFilterCitiesApp.swift */,
				61D9CCEB283DB84D007835D2 /* Controller */,
				61D9CCE6283CF2FE007835D2 /* Manager */,
				61D9CD0A283E1B46007835D2 /* View */,
				61D9CCE5283CF24D007835D2 /* Model */,
				61D9CCE4283CF15B007835D2 /* Data */,
				61D9CCD4283CEDFD007835D2 /* Assets.xcassets */,
				61D9CCD6283CEDFD007835D2 /* Preview Content */,
			);
			path = iFilterCities;
			sourceTree = "<group>";
		};
		61D9CCD6283CEDFD007835D2 /* Preview Content */ = {
			isa = PBXGroup;
			children = (
				61D9CCD7283CEDFD007835D2 /* Preview Assets.xcassets */,
			);
			path = "Preview Content";
			sourceTree = "<group>";
		};
		61D9CCE4283CF15B007835D2 /* Data */ = {
			isa = PBXGroup;
			children = (
				61D9CD13283F5F95007835D2 /* capitals.json */,
				61D9CCDE283CEFB5007835D2 /* cities.json */,
				617C27C4284495BD007785C9 /* stations.json */,
			);
			path = Data;
			sourceTree = "<group>";
		};
		61D9CCE5283CF24D007835D2 /* Model */ = {
			isa = PBXGroup;
			children = (
				61D9CCE2283CF108007835D2 /* Bundle-Codable.swift */,
				61D9CCE0283CEFD9007835D2 /* City.swift */,
				61D9CD0D283E2352007835D2 /* Location.swift */,
				617C27C6284496DF007785C9 /* Station.swift */,
			);
			path = Model;
			sourceTree = "<group>";
		};
		61D9CCE6283CF2FE007835D2 /* Manager */ = {
			isa = PBXGroup;
			children = (
				61D9CCE7283CF30C007835D2 /* CityFilter.swift */,
				61D9CCE9283CFCAF007835D2 /* getDocumentDirectory.swift */,
				61D9CD0F283E2676007835D2 /* CityLocation.swift */,
				617C27C8284499ED007785C9 /* StationFilter.swift */,
				617C27CA2844C3AF007785C9 /* UrlGenerator.swift */,
			);
			path = Manager;
			sourceTree = "<group>";
		};
		61D9CCEB283DB84D007835D2 /* Controller */ = {
			isa = PBXGroup;
			children = (
				61D9CCEC283DB874007835D2 /* DocumentInteractionController.swift */,
			);
			path = Controller;
			sourceTree = "<group>";
		};
		61D9CD0A283E1B46007835D2 /* View */ = {
			isa = PBXGroup;
			children = (
				61D9CCD2283CEDFB007835D2 /* MainView.swift */,
				61D9CD15283F6D86007835D2 /* ListView.swift */,
				61D9CD0B283E22EF007835D2 /* MapView.swift */,
			);
			path = View;
			sourceTree = "<group>";
		};
/* End PBXGroup section */

/* Begin PBXNativeTarget section */
		61D9CCCC283CEDFB007835D2 /* iFilterCities */ = {
			isa = PBXNativeTarget;
			buildConfigurationList = 61D9CCDB283CEDFD007835D2 /* Build configuration list for PBXNativeTarget "iFilterCities" */;
			buildPhases = (
				61D9CCC9283CEDFB007835D2 /* Sources */,
				61D9CCCA283CEDFB007835D2 /* Frameworks */,
				61D9CCCB283CEDFB007835D2 /* Resources */,
			);
			buildRules = (
			);
			dependencies = (
			);
			name = iFilterCities;
			productName = iFilterCities;
			productReference = 61D9CCCD283CEDFB007835D2 /* iFilterCities.app */;
			productType = "com.apple.product-type.application";
		};
/* End PBXNativeTarget section */

/* Begin PBXProject section */
		61D9CCC5283CEDFB007835D2 /* Project object */ = {
			isa = PBXProject;
			attributes = {
				BuildIndependentTargetsInParallel = 1;
				LastSwiftUpdateCheck = 1330;
				LastUpgradeCheck = 1330;
				TargetAttributes = {
					61D9CCCC283CEDFB007835D2 = {
						CreatedOnToolsVersion = 13.3.1;
					};
				};
			};
			buildConfigurationList = 61D9CCC8283CEDFB007835D2 /* Build configuration list for PBXProject "iFilterCities" */;
			compatibilityVersion = "Xcode 13.0";
			developmentRegion = en;
			hasScannedForEncodings = 0;
			knownRegions = (
				en,
				Base,
			);
			mainGroup = 61D9CCC4283CEDFB007835D2;
			productRefGroup = 61D9CCCE283CEDFB007835D2 /* Products */;
			projectDirPath = "";
			projectRoot = "";
			targets = (
				61D9CCCC283CEDFB007835D2 /* iFilterCities */,
			);
		};
/* End PBXProject section */

/* Begin PBXResourcesBuildPhase section */
		61D9CCCB283CEDFB007835D2 /* Resources */ = {
			isa = PBXResourcesBuildPhase;
			buildActionMask = 2147483647;
			files = (
				61D9CCDF283CEFB5007835D2 /* cities.json in Resources */,
				61D9CCD8283CEDFD007835D2 /* Preview Assets.xcassets in Resources */,
				61D9CD14283F5F95007835D2 /* capitals.json in Resources */,
				61D9CCD5283CEDFD007835D2 /* Assets.xcassets in Resources */,
				617C27C5284495BD007785C9 /* stations.json in Resources */,
			);
			runOnlyForDeploymentPostprocessing = 0;
		};
/* End PBXResourcesBuildPhase section */

/* Begin PBXSourcesBuildPhase section */
		61D9CCC9283CEDFB007835D2 /* Sources */ = {
			isa = PBXSourcesBuildPhase;
			buildActionMask = 2147483647;
			files = (
				61D9CCD3283CEDFB007835D2 /* MainView.swift in Sources */,
				61D9CD0C283E22EF007835D2 /* MapView.swift in Sources */,
				61D9CCED283DB874007835D2 /* DocumentInteractionController.swift in Sources */,
				617C27C9284499ED007785C9 /* StationFilter.swift in Sources */,
				61D9CCD1283CEDFB007835D2 /* iFilterCitiesApp.swift in Sources */,
				61D9CD0E283E2352007835D2 /* Location.swift in Sources */,
				61D9CCE1283CEFD9007835D2 /* City.swift in Sources */,
				61D9CCE8283CF30C007835D2 /* CityFilter.swift in Sources */,
				61D9CCEA283CFCAF007835D2 /* getDocumentDirectory.swift in Sources */,
				61D9CD16283F6D86007835D2 /* ListView.swift in Sources */,
				61D9CCE3283CF108007835D2 /* Bundle-Codable.swift in Sources */,
				617C27CB2844C3AF007785C9 /* UrlGenerator.swift in Sources */,
				617C27C7284496DF007785C9 /* Station.swift in Sources */,
				61D9CD10283E2676007835D2 /* CityLocation.swift in Sources */,
			);
			runOnlyForDeploymentPostprocessing = 0;
		};
/* End PBXSourcesBuildPhase section */

/* Begin XCBuildConfiguration section */
		61D9CCD9283CEDFD007835D2 /* Debug */ = {
			isa = XCBuildConfiguration;
			buildSettings = {
				ALWAYS_SEARCH_USER_PATHS = NO;
				CLANG_ANALYZER_NONNULL = YES;
				CLANG_ANALYZER_NUMBER_OBJECT_CONVERSION = YES_AGGRESSIVE;
				CLANG_CXX_LANGUAGE_STANDARD = "gnu++17";
				CLANG_ENABLE_MODULES = YES;
				CLANG_ENABLE_OBJC_ARC = YES;
				CLANG_ENABLE_OBJC_WEAK = YES;
				CLANG_WARN_BLOCK_CAPTURE_AUTORELEASING = YES;
				CLANG_WARN_BOOL_CONVERSION = YES;
				CLANG_WARN_COMMA = YES;
				CLANG_WARN_CONSTANT_CONVERSION = YES;
				CLANG_WARN_DEPRECATED_OBJC_IMPLEMENTATIONS = YES;
				CLANG_WARN_DIRECT_OBJC_ISA_USAGE = YES_ERROR;
				CLANG_WARN_DOCUMENTATION_COMMENTS = YES;
				CLANG_WARN_EMPTY_BODY = YES;
				CLANG_WARN_ENUM_CONVERSION = YES;
				CLANG_WARN_INFINITE_RECURSION = YES;
				CLANG_WARN_INT_CONVERSION = YES;
				CLANG_WARN_NON_LITERAL_NULL_CONVERSION = YES;
				CLANG_WARN_OBJC_IMPLICIT_RETAIN_SELF = YES;
				CLANG_WARN_OBJC_LITERAL_CONVERSION = YES;
				CLANG_WARN_OBJC_ROOT_CLASS = YES_ERROR;
				CLANG_WARN_QUOTED_INCLUDE_IN_FRAMEWORK_HEADER = YES;
				CLANG_WARN_RANGE_LOOP_ANALYSIS = YES;
				CLANG_WARN_STRICT_PROTOTYPES = YES;
				CLANG_WARN_SUSPICIOUS_MOVE = YES;
				CLANG_WARN_UNGUARDED_AVAILABILITY = YES_AGGRESSIVE;
				CLANG_WARN_UNREACHABLE_CODE = YES;
				CLANG_WARN__DUPLICATE_METHOD_MATCH = YES;
				COPY_PHASE_STRIP = NO;
				DEBUG_INFORMATION_FORMAT = dwarf;
				ENABLE_STRICT_OBJC_MSGSEND = YES;
				ENABLE_TESTABILITY = YES;
				GCC_C_LANGUAGE_STANDARD = gnu11;
				GCC_DYNAMIC_NO_PIC = NO;
				GCC_NO_COMMON_BLOCKS = YES;
				GCC_OPTIMIZATION_LEVEL = 0;
				GCC_PREPROCESSOR_DEFINITIONS = (
					"DEBUG=1",
					"$(inherited)",
				);
				GCC_WARN_64_TO_32_BIT_CONVERSION = YES;
				GCC_WARN_ABOUT_RETURN_TYPE = YES_ERROR;
				GCC_WARN_UNDECLARED_SELECTOR = YES;
				GCC_WARN_UNINITIALIZED_AUTOS = YES_AGGRESSIVE;
				GCC_WARN_UNUSED_FUNCTION = YES;
				GCC_WARN_UNUSED_VARIABLE = YES;
				IPHONEOS_DEPLOYMENT_TARGET = 15.4;
				MTL_ENABLE_DEBUG_INFO = INCLUDE_SOURCE;
				MTL_FAST_MATH = YES;
				ONLY_ACTIVE_ARCH = YES;
				SDKROOT = iphoneos;
				SWIFT_ACTIVE_COMPILATION_CONDITIONS = DEBUG;
				SWIFT_OPTIMIZATION_LEVEL = "-Onone";
			};
			name = Debug;
		};
		61D9CCDA283CEDFD007835D2 /* Release */ = {
			isa = XCBuildConfiguration;
			buildSettings = {
				ALWAYS_SEARCH_USER_PATHS = NO;
				CLANG_ANALYZER_NONNULL = YES;
				CLANG_ANALYZER_NUMBER_OBJECT_CONVERSION = YES_AGGRESSIVE;
				CLANG_CXX_LANGUAGE_STANDARD = "gnu++17";
				CLANG_ENABLE_MODULES = YES;
				CLANG_ENABLE_OBJC_ARC = YES;
				CLANG_ENABLE_OBJC_WEAK = YES;
				CLANG_WARN_BLOCK_CAPTURE_AUTORELEASING = YES;
				CLANG_WARN_BOOL_CONVERSION = YES;
				CLANG_WARN_COMMA = YES;
				CLANG_WARN_CONSTANT_CONVERSION = YES;
				CLANG_WARN_DEPRECATED_OBJC_IMPLEMENTATIONS = YES;
				CLANG_WARN_DIRECT_OBJC_ISA_USAGE = YES_ERROR;
				CLANG_WARN_DOCUMENTATION_COMMENTS = YES;
				CLANG_WARN_EMPTY_BODY = YES;
				CLANG_WARN_ENUM_CONVERSION = YES;
				CLANG_WARN_INFINITE_RECURSION = YES;
				CLANG_WARN_INT_CONVERSION = YES;
				CLANG_WARN_NON_LITERAL_NULL_CONVERSION = YES;
				CLANG_WARN_OBJC_IMPLICIT_RETAIN_SELF = YES;
				CLANG_WARN_OBJC_LITERAL_CONVERSION = YES;
				CLANG_WARN_OBJC_ROOT_CLASS = YES_ERROR;
				CLANG_WARN_QUOTED_INCLUDE_IN_FRAMEWORK_HEADER = YES;
				CLANG_WARN_RANGE_LOOP_ANALYSIS = YES;
				CLANG_WARN_STRICT_PROTOTYPES = YES;
				CLANG_WARN_SUSPICIOUS_MOVE = YES;
				CLANG_WARN_UNGUARDED_AVAILABILITY = YES_AGGRESSIVE;
				CLANG_WARN_UNREACHABLE_CODE = YES;
				CLANG_WARN__DUPLICATE_METHOD_MATCH = YES;
				COPY_PHASE_STRIP = NO;
				DEBUG_INFORMATION_FORMAT = "dwarf-with-dsym";
				ENABLE_NS_ASSERTIONS = NO;
				ENABLE_STRICT_OBJC_MSGSEND = YES;
				GCC_C_LANGUAGE_STANDARD = gnu11;
				GCC_NO_COMMON_BLOCKS = YES;
				GCC_WARN_64_TO_32_BIT_CONVERSION = YES;
				GCC_WARN_ABOUT_RETURN_TYPE = YES_ERROR;
				GCC_WARN_UNDECLARED_SELECTOR = YES;
				GCC_WARN_UNINITIALIZED_AUTOS = YES_AGGRESSIVE;
				GCC_WARN_UNUSED_FUNCTION = YES;
				GCC_WARN_UNUSED_VARIABLE = YES;
				IPHONEOS_DEPLOYMENT_TARGET = 15.4;
				MTL_ENABLE_DEBUG_INFO = NO;
				MTL_FAST_MATH = YES;
				SDKROOT = iphoneos;
				SWIFT_COMPILATION_MODE = wholemodule;
				SWIFT_OPTIMIZATION_LEVEL = "-O";
				VALIDATE_PRODUCT = YES;
			};
			name = Release;
		};
		61D9CCDC283CEDFD007835D2 /* Debug */ = {
			isa = XCBuildConfiguration;
			buildSettings = {
				ASSETCATALOG_COMPILER_APPICON_NAME = AppIcon;
				ASSETCATALOG_COMPILER_GLOBAL_ACCENT_COLOR_NAME = AccentColor;
				CODE_SIGN_STYLE = Automatic;
				CURRENT_PROJECT_VERSION = 1;
				DEVELOPMENT_ASSET_PATHS = "\"iFilterCities/Preview Content\"";
				DEVELOPMENT_TEAM = US3YNCLNND;
				ENABLE_PREVIEWS = YES;
				GENERATE_INFOPLIST_FILE = YES;
				INFOPLIST_KEY_UIApplicationSceneManifest_Generation = YES;
				INFOPLIST_KEY_UIApplicationSupportsIndirectInputEvents = YES;
				INFOPLIST_KEY_UILaunchScreen_Generation = YES;
				INFOPLIST_KEY_UISupportedInterfaceOrientations_iPad = "UIInterfaceOrientationPortrait UIInterfaceOrientationPortraitUpsideDown UIInterfaceOrientationLandscapeLeft UIInterfaceOrientationLandscapeRight";
				INFOPLIST_KEY_UISupportedInterfaceOrientations_iPhone = "UIInterfaceOrientationPortrait UIInterfaceOrientationLandscapeLeft UIInterfaceOrientationLandscapeRight";
				LD_RUNPATH_SEARCH_PATHS = (
					"$(inherited)",
					"@executable_path/Frameworks",
				);
				MARKETING_VERSION = 1.0;
				PRODUCT_BUNDLE_IDENTIFIER = com.lucaschae.iFilterCities;
				PRODUCT_NAME = "$(TARGET_NAME)";
				SWIFT_EMIT_LOC_STRINGS = YES;
				SWIFT_VERSION = 5.0;
				TARGETED_DEVICE_FAMILY = "1,2";
			};
			name = Debug;
		};
		61D9CCDD283CEDFD007835D2 /* Release */ = {
			isa = XCBuildConfiguration;
			buildSettings = {
				ASSETCATALOG_COMPILER_APPICON_NAME = AppIcon;
				ASSETCATALOG_COMPILER_GLOBAL_ACCENT_COLOR_NAME = AccentColor;
				CODE_SIGN_STYLE = Automatic;
				CURRENT_PROJECT_VERSION = 1;
				DEVELOPMENT_ASSET_PATHS = "\"iFilterCities/Preview Content\"";
				DEVELOPMENT_TEAM = US3YNCLNND;
				ENABLE_PREVIEWS = YES;
				GENERATE_INFOPLIST_FILE = YES;
				INFOPLIST_KEY_UIApplicationSceneManifest_Generation = YES;
				INFOPLIST_KEY_UIApplicationSupportsIndirectInputEvents = YES;
				INFOPLIST_KEY_UILaunchScreen_Generation = YES;
				INFOPLIST_KEY_UISupportedInterfaceOrientations_iPad = "UIInterfaceOrientationPortrait UIInterfaceOrientationPortraitUpsideDown UIInterfaceOrientationLandscapeLeft UIInterfaceOrientationLandscapeRight";
				INFOPLIST_KEY_UISupportedInterfaceOrientations_iPhone = "UIInterfaceOrientationPortrait UIInterfaceOrientationLandscapeLeft UIInterfaceOrientationLandscapeRight";
				LD_RUNPATH_SEARCH_PATHS = (
					"$(inherited)",
					"@executable_path/Frameworks",
				);
				MARKETING_VERSION = 1.0;
				PRODUCT_BUNDLE_IDENTIFIER = com.lucaschae.iFilterCities;
				PRODUCT_NAME = "$(TARGET_NAME)";
				SWIFT_EMIT_LOC_STRINGS = YES;
				SWIFT_VERSION = 5.0;
				TARGETED_DEVICE_FAMILY = "1,2";
			};
			name = Release;
		};
/* End XCBuildConfiguration section */

/* Begin XCConfigurationList section */
		61D9CCC8283CEDFB007835D2 /* Build configuration list for PBXProject "iFilterCities" */ = {
			isa = XCConfigurationList;
			buildConfigurations = (
				61D9CCD9283CEDFD007835D2 /* Debug */,
				61D9CCDA283CEDFD007835D2 /* Release */,
			);
			defaultConfigurationIsVisible = 0;
			defaultConfigurationName = Release;
		};
		61D9CCDB283CEDFD007835D2 /* Build configuration list for PBXNativeTarget "iFilterCities" */ = {
			isa = XCConfigurationList;
			buildConfigurations = (
				61D9CCDC283CEDFD007835D2 /* Debug */,
				61D9CCDD283CEDFD007835D2 /* Release */,
			);
			defaultConfigurationIsVisible = 0;
			defaultConfigurationName = Release;
		};
/* End XCConfigurationList section */
	};
	rootObject = 61D9CCC5283CEDFB007835D2 /* Project object */;
}
